
Microsoft Visual Studio Solution File, Format Version 12.00
# Visual Studio 14
VisualStudioVersion = 14.0.23107.0
MinimumVisualStudioVersion = 10.0.40219.1
Project("{FAE04EC0-301F-11D3-BF4B-00C04F79EFBC}") = "AkaCore", "AkaCore.csproj", "{B827F35C-EE8F-438D-966E-CAF54ADBC2A9}"
EndProject
Global
	GlobalSection(SolutionConfigurationPlatforms) = preSolution
		Debug|Any CPU = Debug|Any CPU
		Release|Any CPU = Release|Any CPU
	EndGlobalSection
	GlobalSection(ProjectConfigurationPlatforms) = postSolution
		{B827F35C-EE8F-438D-966E-CAF54ADBC2A9}.Debug|Any CPU.ActiveCfg = Debug|Any CPU
		{B827F35C-EE8F-438D-966E-CAF54ADBC2A9}.Debug|Any CPU.Build.0 = Debug|Any CPU
		{B827F35C-EE8F-438D-966E-CAF54ADBC2A9}.Release|Any CPU.ActiveCfg = Release|Any CPU
		{B827F35C-EE8F-438D-966E-CAF54ADBC2A9}.Release|Any CPU.Build.0 = Release|Any CPU
	EndGlobalSection
	GlobalSection(SolutionProperties) = preSolution
		HideSolutionNode = FALSE
	EndGlobalSection
EndGlobal
